
Microsoft Visual Studio Solution File, Format Version 12.00
# Visual Studio Version 17
VisualStudioVersion = 17.4.33122.133
MinimumVisualStudioVersion = 10.0.40219.1
Project("{FAE04EC0-301F-11D3-BF4B-00C04F79EFBC}") = "Dormitory", "Dormitory.csproj", "{A733DB29-A861-42D7-B54A-33C16396DA1C}"
EndProject
Global
	GlobalSection(SolutionConfigurationPlatforms) = preSolution
		Debug|Any CPU = Debug|Any CPU
		Release|Any CPU = Release|Any CPU
	EndGlobalSection
	GlobalSection(ProjectConfigurationPlatforms) = postSolution
		{A733DB29-A861-42D7-B54A-33C16396DA1C}.Debug|Any CPU.ActiveCfg = Debug|Any CPU
		{A733DB29-A861-42D7-B54A-33C16396DA1C}.Debug|Any CPU.Build.0 = Debug|Any CPU
		{A733DB29-A861-42D7-B54A-33C16396DA1C}.Release|Any CPU.ActiveCfg = Release|Any CPU
		{A733DB29-A861-42D7-B54A-33C16396DA1C}.Release|Any CPU.Build.0 = Release|Any CPU
	EndGlobalSection
	GlobalSection(SolutionProperties) = preSolution
		HideSolutionNode = FALSE
	EndGlobalSection
	GlobalSection(ExtensibilityGlobals) = postSolution
		SolutionGuid = {D41FBC6D-E3EE-411A-804D-EB930665BF54}
	EndGlobalSection
EndGlobal
